{
  "name": "tstjs",
  "version": "1.0.0",
  "lockfileVersion": 2,
  "requires": true,
  "packages": {
    "": {
      "name": "tstjs",
      "version": "1.0.0",
      "license": "MIT",
      "dependencies": {
        "json": "^11.0.0",
        "readline": "^1.3.0",
        "xmlhttprequest": "^1.8.0"
      }
    },
    "node_modules/json": {
      "version": "11.0.0",
      "resolved": "https://registry.npmjs.org/json/-/json-11.0.0.tgz",
      "integrity": "sha512-N/ITv3Yw9Za8cGxuQqSqrq6RHnlaHWZkAFavcfpH/R52522c26EbihMxnY7A1chxfXJ4d+cEFIsyTgfi9GihrA==",
      "bin": {
        "json": "lib/json.js"
      },
      "engines": {
        "node": ">=0.10.0"
      }
    },
    "node_modules/readline": {
      "version": "1.3.0",
      "resolved": "https://registry.npmjs.org/readline/-/readline-1.3.0.tgz",
      "integrity": "sha1-xYDXfvLPyHUrEySYBg3JeTp6wBw="
    },
    "node_modules/xmlhttprequest": {
      "version": "1.8.0",
      "resolved": "https://registry.npmjs.org/xmlhttprequest/-/xmlhttprequest-1.8.0.tgz",
      "integrity": "sha1-Z/4HXFwk/vOfnWX197f+dRcZaPw=",
      "engines": {
        "node": ">=0.4.0"
      }
    }
  },
  "dependencies": {
    "json": {
      "version": "11.0.0",
      "resolved": "https://registry.npmjs.org/json/-/json-11.0.0.tgz",
      "integrity": "sha512-N/ITv3Yw9Za8cGxuQqSqrq6RHnlaHWZkAFavcfpH/R52522c26EbihMxnY7A1chxfXJ4d+cEFIsyTgfi9GihrA=="
    },
    "readline": {
      "version": "1.3.0",
      "resolved": "https://registry.npmjs.org/readline/-/readline-1.3.0.tgz",
      "integrity": "sha1-xYDXfvLPyHUrEySYBg3JeTp6wBw="
    },
    "xmlhttprequest": {
      "version": "1.8.0",
      "resolved": "https://registry.npmjs.org/xmlhttprequest/-/xmlhttprequest-1.8.0.tgz",
      "integrity": "sha1-Z/4HXFwk/vOfnWX197f+dRcZaPw="
    }
  }
}
